PODS:
  - MJExtension (3.2.2)
  - YYModel (1.0.4)

DEPENDENCIES:
  - MJExtension
  - YYModel

SPEC REPOS:
  trunk:
    - MJExtension
    - YYModel

SPEC CHECKSUMS:
  MJExtension: d9b9c74cbdeb724c1e9ecbb157b318276e62e876
  YYModel: 2a7fdd96aaa4b86a824e26d0c517de8928c04b30

PODFILE CHECKSUM: 349601641eef4cc816c15042b11405e5b238ba2e

COCOAPODS: 1.10.0
